// !$*UTF8*$!
{
	archiveVersion = 1;
	classes = {
	};
	objectVersion = 56;
	objects = {

/* Begin PBXBuildFile section */
		AF067F2C2BDE165D004D817B /* BookMagagementApp.swift in Sources */ = {isa = PBXBuildFile; fileRef = AF067F2B2BDE165D004D817B /* BookMagagementApp.swift */; };
		AF067F302BDE1662004D817B /* Assets.xcassets in Resources */ = {isa = PBXBuildFile; fileRef = AF067F2F2BDE1662004D817B /* Assets.xcassets */; };
		AF067F332BDE1662004D817B /* Preview Assets.xcassets in Resources */ = {isa = PBXBuildFile; fileRef = AF067F322BDE1662004D817B /* Preview Assets.xcassets */; };
		AF067F3D2BDE1663004D817B /* BookMagagementAppTests.swift in Sources */ = {isa = PBXBuildFile; fileRef = AF067F3C2BDE1663004D817B /* BookMagagementAppTests.swift */; };
		AF067F472BDE1663004D817B /* BookMagagementAppUITests.swift in Sources */ = {isa = PBXBuildFile; fileRef = AF067F462BDE1663004D817B /* BookMagagementAppUITests.swift */; };
		AF067F492BDE1663004D817B /* BookMagagementAppUITestsLaunchTests.swift in Sources */ = {isa = PBXBuildFile; fileRef = AF067F482BDE1663004D817B /* BookMagagementAppUITestsLaunchTests.swift */; };
		AF067F5A2BDE65AF004D817B /* BookModel.swift in Sources */ = {isa = PBXBuildFile; fileRef = AF067F592BDE65AF004D817B /* BookModel.swift */; };
		AF067F5C2BDE6A6B004D817B /* HomeView.swift in Sources */ = {isa = PBXBuildFile; fileRef = AF067F5B2BDE6A6B004D817B /* HomeView.swift */; };
		AF067F5E2BDE6A9F004D817B /* BookListView.swift in Sources */ = {isa = PBXBuildFile; fileRef = AF067F5D2BDE6A9F004D817B /* BookListView.swift */; };
		AF067F602BDE6E79004D817B /* BookViewModel.swift in Sources */ = {isa = PBXBuildFile; fileRef = AF067F5F2BDE6E79004D817B /* BookViewModel.swift */; };
		AF067F642BDE8B0E004D817B /* BookItemView.swift in Sources */ = {isa = PBXBuildFile; fileRef = AF067F632BDE8B0E004D817B /* BookItemView.swift */; };
/* End PBXBuildFile section */

/* Begin PBXContainerItemProxy section */
		AF067F392BDE1663004D817B /* PBXContainerItemProxy */ = {
			isa = PBXContainerItemProxy;
			containerPortal = AF067F202BDE165D004D817B /* Project object */;
			proxyType = 1;
			remoteGlobalIDString = AF067F272BDE165D004D817B;
			remoteInfo = BookMagagementApp;
		};
		AF067F432BDE1663004D817B /* PBXContainerItemProxy */ = {
			isa = PBXContainerItemProxy;
			containerPortal = AF067F202BDE165D004D817B /* Project object */;
			proxyType = 1;
			remoteGlobalIDString = AF067F272BDE165D004D817B;
			remoteInfo = BookMagagementApp;
		};
/* End PBXContainerItemProxy section */

/* Begin PBXFileReference section */
		AF067F282BDE165D004D817B /* BookMagagementApp.app */ = {isa = PBXFileReference; explicitFileType = wrapper.application; includeInIndex = 0; path = BookMagagementApp.app; sourceTree = BUILT_PRODUCTS_DIR; };
		AF067F2B2BDE165D004D817B /* BookMagagementApp.swift */ = {isa = PBXFileReference; lastKnownFileType = sourcecode.swift; path = BookMagagementApp.swift; sourceTree = "<group>"; };
		AF067F2F2BDE1662004D817B /* Assets.xcassets */ = {isa = PBXFileReference; lastKnownFileType = folder.assetcatalog; path = Assets.xcassets; sourceTree = "<group>"; };
		AF067F322BDE1662004D817B /* Preview Assets.xcassets */ = {isa = PBXFileReference; lastKnownFileType = folder.assetcatalog; path = "Preview Assets.xcassets"; sourceTree = "<group>"; };
		AF067F382BDE1663004D817B /* BookMagagementAppTests.xctest */ = {isa = PBXFileReference; explicitFileType = wrapper.cfbundle; includeInIndex = 0; path = BookMagagementAppTests.xctest; sourceTree = BUILT_PRODUCTS_DIR; };
		AF067F3C2BDE1663004D817B /* BookMagagementAppTests.swift */ = {isa = PBXFileReference; lastKnownFileType = sourcecode.swift; path = BookMagagementAppTests.swift; sourceTree = "<group>"; };
		AF067F422BDE1663004D817B /* BookMagagementAppUITests.xctest */ = {isa = PBXFileReference; explicitFileType = wrapper.cfbundle; includeInIndex = 0; path = BookMagagementAppUITests.xctest; sourceTree = BUILT_PRODUCTS_DIR; };
		AF067F462BDE1663004D817B /* BookMagagementAppUITests.swift */ = {isa = PBXFileReference; lastKnownFileType = sourcecode.swift; path = BookMagagementAppUITests.swift; sourceTree = "<group>"; };
		AF067F482BDE1663004D817B /* BookMagagementAppUITestsLaunchTests.swift */ = {isa = PBXFileReference; lastKnownFileType = sourcecode.swift; path = BookMagagementAppUITestsLaunchTests.swift; sourceTree = "<group>"; };
		AF067F592BDE65AF004D817B /* BookModel.swift */ = {isa = PBXFileReference; lastKnownFileType = sourcecode.swift; path = BookModel.swift; sourceTree = "<group>"; };
		AF067F5B2BDE6A6B004D817B /* HomeView.swift */ = {isa = PBXFileReference; lastKnownFileType = sourcecode.swift; path = HomeView.swift; sourceTree = "<group>"; };
		AF067F5D2BDE6A9F004D817B /* BookListView.swift */ = {isa = PBXFileReference; lastKnownFileType = sourcecode.swift; path = BookListView.swift; sourceTree = "<group>"; };
		AF067F5F2BDE6E79004D817B /* BookViewModel.swift */ = {isa = PBXFileReference; lastKnownFileType = sourcecode.swift; path = BookViewModel.swift; sourceTree = "<group>"; };
		AF067F632BDE8B0E004D817B /* BookItemView.swift */ = {isa = PBXFileReference; lastKnownFileType = sourcecode.swift; path = BookItemView.swift; sourceTree = "<group>"; };
/* End PBXFileReference section */

/* Begin PBXFrameworksBuildPhase section */
		AF067F252BDE165D004D817B /* Frameworks */ = {
			isa = PBXFrameworksBuildPhase;
			buildActionMask = 2147483647;
			files = (
			);
			runOnlyForDeploymentPostprocessing = 0;
		};
		AF067F352BDE1663004D817B /* Frameworks */ = {
			isa = PBXFrameworksBuildPhase;
			buildActionMask = 2147483647;
			files = (
			);
			runOnlyForDeploymentPostprocessing = 0;
		};
		AF067F3F2BDE1663004D817B /* Frameworks */ = {
			isa = PBXFrameworksBuildPhase;
			buildActionMask = 2147483647;
			files = (
			);
			runOnlyForDeploymentPostprocessing = 0;
		};
/* End PBXFrameworksBuildPhase section */

/* Begin PBXGroup section */
		AF067F1F2BDE165D004D817B = {
			isa = PBXGroup;
			children = (
				AF067F2A2BDE165D004D817B /* BookMagagementApp */,
				AF067F3B2BDE1663004D817B /* BookMagagementAppTests */,
				AF067F452BDE1663004D817B /* BookMagagementAppUITests */,
				AF067F292BDE165D004D817B /* Products */,
			);
			sourceTree = "<group>";
		};
		AF067F292BDE165D004D817B /* Products */ = {
			isa = PBXGroup;
			children = (
				AF067F282BDE165D004D817B /* BookMagagementApp.app */,
				AF067F382BDE1663004D817B /* BookMagagementAppTests.xctest */,
				AF067F422BDE1663004D817B /* BookMagagementAppUITests.xctest */,
			);
			name = Products;
			sourceTree = "<group>";
		};
		AF067F2A2BDE165D004D817B /* BookMagagementApp */ = {
			isa = PBXGroup;
			children = (
				AF067F552BDE63A5004D817B /* Home */,
				AF067F2B2BDE165D004D817B /* BookMagagementApp.swift */,
				AF067F2F2BDE1662004D817B /* Assets.xcassets */,
				AF067F312BDE1662004D817B /* Preview Content */,
			);
			path = BookMagagementApp;
			sourceTree = "<group>";
		};
		AF067F312BDE1662004D817B /* Preview Content */ = {
			isa = PBXGroup;
			children = (
				AF067F322BDE1662004D817B /* Preview Assets.xcassets */,
			);
			path = "Preview Content";
			sourceTree = "<group>";
		};
		AF067F3B2BDE1663004D817B /* BookMagagementAppTests */ = {
			isa = PBXGroup;
			children = (
				AF067F3C2BDE1663004D817B /* BookMagagementAppTests.swift */,
			);
			path = BookMagagementAppTests;
			sourceTree = "<group>";
		};
		AF067F452BDE1663004D817B /* BookMagagementAppUITests */ = {
			isa = PBXGroup;
			children = (
				AF067F462BDE1663004D817B /* BookMagagementAppUITests.swift */,
				AF067F482BDE1663004D817B /* BookMagagementAppUITestsLaunchTests.swift */,
			);
			path = BookMagagementAppUITests;
			sourceTree = "<group>";
		};
		AF067F552BDE63A5004D817B /* Home */ = {
			isa = PBXGroup;
			children = (
				AF067F582BDE63DE004D817B /* View */,
				AF067F572BDE63D5004D817B /* ViewModel */,
				AF067F562BDE63C9004D817B /* Model */,
			);
			name = Home;
			sourceTree = "<group>";
		};
		AF067F562BDE63C9004D817B /* Model */ = {
			isa = PBXGroup;
			children = (
				AF067F592BDE65AF004D817B /* BookModel.swift */,
			);
			path = Model;
			sourceTree = "<group>";
		};
		AF067F572BDE63D5004D817B /* ViewModel */ = {
			isa = PBXGroup;
			children = (
				AF067F5F2BDE6E79004D817B /* BookViewModel.swift */,
			);
			name = ViewModel;
			sourceTree = "<group>";
		};
		AF067F582BDE63DE004D817B /* View */ = {
			isa = PBXGroup;
			children = (
				AF067F5B2BDE6A6B004D817B /* HomeView.swift */,
				AF067F5D2BDE6A9F004D817B /* BookListView.swift */,
				AF067F632BDE8B0E004D817B /* BookItemView.swift */,
			);
			name = View;
			sourceTree = "<group>";
		};
/* End PBXGroup section */

/* Begin PBXNativeTarget section */
		AF067F272BDE165D004D817B /* BookMagagementApp */ = {
			isa = PBXNativeTarget;
			buildConfigurationList = AF067F4C2BDE1663004D817B /* Build configuration list for PBXNativeTarget "BookMagagementApp" */;
			buildPhases = (
				AF067F242BDE165D004D817B /* Sources */,
				AF067F252BDE165D004D817B /* Frameworks */,
				AF067F262BDE165D004D817B /* Resources */,
			);
			buildRules = (
			);
			dependencies = (
			);
			name = BookMagagementApp;
			productName = BookMagagementApp;
			productReference = AF067F282BDE165D004D817B /* BookMagagementApp.app */;
			productType = "com.apple.product-type.application";
		};
		AF067F372BDE1663004D817B /* BookMagagementAppTests */ = {
			isa = PBXNativeTarget;
			buildConfigurationList = AF067F4F2BDE1663004D817B /* Build configuration list for PBXNativeTarget "BookMagagementAppTests" */;
			buildPhases = (
				AF067F342BDE1663004D817B /* Sources */,
				AF067F352BDE1663004D817B /* Frameworks */,
				AF067F362BDE1663004D817B /* Resources */,
			);
			buildRules = (
			);
			dependencies = (
				AF067F3A2BDE1663004D817B /* PBXTargetDependency */,
			);
			name = BookMagagementAppTests;
			productName = BookMagagementAppTests;
			productReference = AF067F382BDE1663004D817B /* BookMagagementAppTests.xctest */;
			productType = "com.apple.product-type.bundle.unit-test";
		};
		AF067F412BDE1663004D817B /* BookMagagementAppUITests */ = {
			isa = PBXNativeTarget;
			buildConfigurationList = AF067F522BDE1663004D817B /* Build configuration list for PBXNativeTarget "BookMagagementAppUITests" */;
			buildPhases = (
				AF067F3E2BDE1663004D817B /* Sources */,
				AF067F3F2BDE1663004D817B /* Frameworks */,
				AF067F402BDE1663004D817B /* Resources */,
			);
			buildRules = (
			);
			dependencies = (
				AF067F442BDE1663004D817B /* PBXTargetDependency */,
			);
			name = BookMagagementAppUITests;
			productName = BookMagagementAppUITests;
			productReference = AF067F422BDE1663004D817B /* BookMagagementAppUITests.xctest */;
			productType = "com.apple.product-type.bundle.ui-testing";
		};
/* End PBXNativeTarget section */

/* Begin PBXProject section */
		AF067F202BDE165D004D817B /* Project object */ = {
			isa = PBXProject;
			attributes = {
				BuildIndependentTargetsInParallel = 1;
				LastSwiftUpdateCheck = 1530;
				LastUpgradeCheck = 1530;
				TargetAttributes = {
					AF067F272BDE165D004D817B = {
						CreatedOnToolsVersion = 15.3;
					};
					AF067F372BDE1663004D817B = {
						CreatedOnToolsVersion = 15.3;
						TestTargetID = AF067F272BDE165D004D817B;
					};
					AF067F412BDE1663004D817B = {
						CreatedOnToolsVersion = 15.3;
						TestTargetID = AF067F272BDE165D004D817B;
					};
				};
			};
			buildConfigurationList = AF067F232BDE165D004D817B /* Build configuration list for PBXProject "BookMagagementApp" */;
			compatibilityVersion = "Xcode 14.0";
			developmentRegion = en;
			hasScannedForEncodings = 0;
			knownRegions = (
				en,
				Base,
			);
			mainGroup = AF067F1F2BDE165D004D817B;
			productRefGroup = AF067F292BDE165D004D817B /* Products */;
			projectDirPath = "";
			projectRoot = "";
			targets = (
				AF067F272BDE165D004D817B /* BookMagagementApp */,
				AF067F372BDE1663004D817B /* BookMagagementAppTests */,
				AF067F412BDE1663004D817B /* BookMagagementAppUITests */,
			);
		};
/* End PBXProject section */

/* Begin PBXResourcesBuildPhase section */
		AF067F262BDE165D004D817B /* Resources */ = {
			isa = PBXResourcesBuildPhase;
			buildActionMask = 2147483647;
			files = (
				AF067F332BDE1662004D817B /* Preview Assets.xcassets in Resources */,
				AF067F302BDE1662004D817B /* Assets.xcassets in Resources */,
			);
			runOnlyForDeploymentPostprocessing = 0;
		};
		AF067F362BDE1663004D817B /* Resources */ = {
			isa = PBXResourcesBuildPhase;
			buildActionMask = 2147483647;
			files = (
			);
			runOnlyForDeploymentPostprocessing = 0;
		};
		AF067F402BDE1663004D817B /* Resources */ = {
			isa = PBXResourcesBuildPhase;
			buildActionMask = 2147483647;
			files = (
			);
			runOnlyForDeploymentPostprocessing = 0;
		};
/* End PBXResourcesBuildPhase section */

/* Begin PBXSourcesBuildPhase section */
		AF067F242BDE165D004D817B /* Sources */ = {
			isa = PBXSourcesBuildPhase;
			buildActionMask = 2147483647;
			files = (
				AF067F5C2BDE6A6B004D817B /* HomeView.swift in Sources */,
				AF067F5E2BDE6A9F004D817B /* BookListView.swift in Sources */,
				AF067F642BDE8B0E004D817B /* BookItemView.swift in Sources */,
				AF067F2C2BDE165D004D817B /* BookMagagementApp.swift in Sources */,
				AF067F5A2BDE65AF004D817B /* BookModel.swift in Sources */,
				AF067F602BDE6E79004D817B /* BookViewModel.swift in Sources */,
			);
			runOnlyForDeploymentPostprocessing = 0;
		};
		AF067F342BDE1663004D817B /* Sources */ = {
			isa = PBXSourcesBuildPhase;
			buildActionMask = 2147483647;
			files = (
				AF067F3D2BDE1663004D817B /* BookMagagementAppTests.swift in Sources */,
			);
			runOnlyForDeploymentPostprocessing = 0;
		};
		AF067F3E2BDE1663004D817B /* Sources */ = {
			isa = PBXSourcesBuildPhase;
			buildActionMask = 2147483647;
			files = (
				AF067F472BDE1663004D817B /* BookMagagementAppUITests.swift in Sources */,
				AF067F492BDE1663004D817B /* BookMagagementAppUITestsLaunchTests.swift in Sources */,
			);
			runOnlyForDeploymentPostprocessing = 0;
		};
/* End PBXSourcesBuildPhase section */

/* Begin PBXTargetDependency section */
		AF067F3A2BDE1663004D817B /* PBXTargetDependency */ = {
			isa = PBXTargetDependency;
			target = AF067F272BDE165D004D817B /* BookMagagementApp */;
			targetProxy = AF067F392BDE1663004D817B /* PBXContainerItemProxy */;
		};
		AF067F442BDE1663004D817B /* PBXTargetDependency */ = {
			isa = PBXTargetDependency;
			target = AF067F272BDE165D004D817B /* BookMagagementApp */;
			targetProxy = AF067F432BDE1663004D817B /* PBXContainerItemProxy */;
		};
/* End PBXTargetDependency section */

/* Begin XCBuildConfiguration section */
		AF067F4A2BDE1663004D817B /* Debug */ = {
			isa = XCBuildConfiguration;
			buildSettings = {
				ALWAYS_SEARCH_USER_PATHS = NO;
				ASSETCATALOG_COMPILER_GENERATE_SWIFT_ASSET_SYMBOL_EXTENSIONS = YES;
				CLANG_ANALYZER_NONNULL = YES;
				CLANG_ANALYZER_NUMBER_OBJECT_CONVERSION = YES_AGGRESSIVE;
				CLANG_CXX_LANGUAGE_STANDARD = "gnu++20";
				CLANG_ENABLE_MODULES = YES;
				CLANG_ENABLE_OBJC_ARC = YES;
				CLANG_ENABLE_OBJC_WEAK = YES;
				CLANG_WARN_BLOCK_CAPTURE_AUTORELEASING = YES;
				CLANG_WARN_BOOL_CONVERSION = YES;
				CLANG_WARN_COMMA = YES;
				CLANG_WARN_CONSTANT_CONVERSION = YES;
				CLANG_WARN_DEPRECATED_OBJC_IMPLEMENTATIONS = YES;
				CLANG_WARN_DIRECT_OBJC_ISA_USAGE = YES_ERROR;
				CLANG_WARN_DOCUMENTATION_COMMENTS = YES;
				CLANG_WARN_EMPTY_BODY = YES;
				CLANG_WARN_ENUM_CONVERSION = YES;
				CLANG_WARN_INFINITE_RECURSION = YES;
				CLANG_WARN_INT_CONVERSION = YES;
				CLANG_WARN_NON_LITERAL_NULL_CONVERSION = YES;
				CLANG_WARN_OBJC_IMPLICIT_RETAIN_SELF = YES;
				CLANG_WARN_OBJC_LITERAL_CONVERSION = YES;
				CLANG_WARN_OBJC_ROOT_CLASS = YES_ERROR;
				CLANG_WARN_QUOTED_INCLUDE_IN_FRAMEWORK_HEADER = YES;
				CLANG_WARN_RANGE_LOOP_ANALYSIS = YES;
				CLANG_WARN_STRICT_PROTOTYPES = YES;
				CLANG_WARN_SUSPICIOUS_MOVE = YES;
				CLANG_WARN_UNGUARDED_AVAILABILITY = YES_AGGRESSIVE;
				CLANG_WARN_UNREACHABLE_CODE = YES;
				CLANG_WARN__DUPLICATE_METHOD_MATCH = YES;
				COPY_PHASE_STRIP = NO;
				DEBUG_INFORMATION_FORMAT = dwarf;
				ENABLE_STRICT_OBJC_MSGSEND = YES;
				ENABLE_TESTABILITY = YES;
				ENABLE_USER_SCRIPT_SANDBOXING = YES;
				GCC_C_LANGUAGE_STANDARD = gnu17;
				GCC_DYNAMIC_NO_PIC = NO;
				GCC_NO_COMMON_BLOCKS = YES;
				GCC_OPTIMIZATION_LEVEL = 0;
				GCC_PREPROCESSOR_DEFINITIONS = (
					"DEBUG=1",
					"$(inherited)",
				);
				GCC_WARN_64_TO_32_BIT_CONVERSION = YES;
				GCC_WARN_ABOUT_RETURN_TYPE = YES_ERROR;
				GCC_WARN_UNDECLARED_SELECTOR = YES;
				GCC_WARN_UNINITIALIZED_AUTOS = YES_AGGRESSIVE;
				GCC_WARN_UNUSED_FUNCTION = YES;
				GCC_WARN_UNUSED_VARIABLE = YES;
				IPHONEOS_DEPLOYMENT_TARGET = 17.4;
				LOCALIZATION_PREFERS_STRING_CATALOGS = YES;
				MTL_ENABLE_DEBUG_INFO = INCLUDE_SOURCE;
				MTL_FAST_MATH = YES;
				ONLY_ACTIVE_ARCH = YES;
				SDKROOT = iphoneos;
				SWIFT_ACTIVE_COMPILATION_CONDITIONS = "DEBUG $(inherited)";
				SWIFT_OPTIMIZATION_LEVEL = "-Onone";
			};
			name = Debug;
		};
		AF067F4B2BDE1663004D817B /* Release */ = {
			isa = XCBuildConfiguration;
			buildSettings = {
				ALWAYS_SEARCH_USER_PATHS = NO;
				ASSETCATALOG_COMPILER_GENERATE_SWIFT_ASSET_SYMBOL_EXTENSIONS = YES;
				CLANG_ANALYZER_NONNULL = YES;
				CLANG_ANALYZER_NUMBER_OBJECT_CONVERSION = YES_AGGRESSIVE;
				CLANG_CXX_LANGUAGE_STANDARD = "gnu++20";
				CLANG_ENABLE_MODULES = YES;
				CLANG_ENABLE_OBJC_ARC = YES;
				CLANG_ENABLE_OBJC_WEAK = YES;
				CLANG_WARN_BLOCK_CAPTURE_AUTORELEASING = YES;
				CLANG_WARN_BOOL_CONVERSION = YES;
				CLANG_WARN_COMMA = YES;
				CLANG_WARN_CONSTANT_CONVERSION = YES;
				CLANG_WARN_DEPRECATED_OBJC_IMPLEMENTATIONS = YES;
				CLANG_WARN_DIRECT_OBJC_ISA_USAGE = YES_ERROR;
				CLANG_WARN_DOCUMENTATION_COMMENTS = YES;
				CLANG_WARN_EMPTY_BODY = YES;
				CLANG_WARN_ENUM_CONVERSION = YES;
				CLANG_WARN_INFINITE_RECURSION = YES;
				CLANG_WARN_INT_CONVERSION = YES;
				CLANG_WARN_NON_LITERAL_NULL_CONVERSION = YES;
				CLANG_WARN_OBJC_IMPLICIT_RETAIN_SELF = YES;
				CLANG_WARN_OBJC_LITERAL_CONVERSION = YES;
				CLANG_WARN_OBJC_ROOT_CLASS = YES_ERROR;
				CLANG_WARN_QUOTED_INCLUDE_IN_FRAMEWORK_HEADER = YES;
				CLANG_WARN_RANGE_LOOP_ANALYSIS = YES;
				CLANG_WARN_STRICT_PROTOTYPES = YES;
				CLANG_WARN_SUSPICIOUS_MOVE = YES;
				CLANG_WARN_UNGUARDED_AVAILABILITY = YES_AGGRESSIVE;
				CLANG_WARN_UNREACHABLE_CODE = YES;
				CLANG_WARN__DUPLICATE_METHOD_MATCH = YES;
				COPY_PHASE_STRIP = NO;
				DEBUG_INFORMATION_FORMAT = "dwarf-with-dsym";
				ENABLE_NS_ASSERTIONS = NO;
				ENABLE_STRICT_OBJC_MSGSEND = YES;
				ENABLE_USER_SCRIPT_SANDBOXING = YES;
				GCC_C_LANGUAGE_STANDARD = gnu17;
				GCC_NO_COMMON_BLOCKS = YES;
				GCC_WARN_64_TO_32_BIT_CONVERSION = YES;
				GCC_WARN_ABOUT_RETURN_TYPE = YES_ERROR;
				GCC_WARN_UNDECLARED_SELECTOR = YES;
				GCC_WARN_UNINITIALIZED_AUTOS = YES_AGGRESSIVE;
				GCC_WARN_UNUSED_FUNCTION = YES;
				GCC_WARN_UNUSED_VARIABLE = YES;
				IPHONEOS_DEPLOYMENT_TARGET = 17.4;
				LOCALIZATION_PREFERS_STRING_CATALOGS = YES;
				MTL_ENABLE_DEBUG_INFO = NO;
				MTL_FAST_MATH = YES;
				SDKROOT = iphoneos;
				SWIFT_COMPILATION_MODE = wholemodule;
				VALIDATE_PRODUCT = YES;
			};
			name = Release;
		};
		AF067F4D2BDE1663004D817B /* Debug */ = {
			isa = XCBuildConfiguration;
			buildSettings = {
				ASSETCATALOG_COMPILER_APPICON_NAME = AppIcon;
				ASSETCATALOG_COMPILER_GLOBAL_ACCENT_COLOR_NAME = AccentColor;
				CODE_SIGN_STYLE = Automatic;
				CURRENT_PROJECT_VERSION = 1;
				DEVELOPMENT_ASSET_PATHS = "\"BookMagagementApp/Preview Content\"";
				ENABLE_PREVIEWS = YES;
				GENERATE_INFOPLIST_FILE = YES;
				INFOPLIST_KEY_UIApplicationSceneManifest_Generation = YES;
				INFOPLIST_KEY_UIApplicationSupportsIndirectInputEvents = YES;
				INFOPLIST_KEY_UILaunchScreen_Generation = YES;
				INFOPLIST_KEY_UISupportedInterfaceOrientations_iPad = "UIInterfaceOrientationPortrait UIInterfaceOrientationPortraitUpsideDown UIInterfaceOrientationLandscapeLeft UIInterfaceOrientationLandscapeRight";
				INFOPLIST_KEY_UISupportedInterfaceOrientations_iPhone = "UIInterfaceOrientationPortrait UIInterfaceOrientationLandscapeLeft UIInterfaceOrientationLandscapeRight";
				LD_RUNPATH_SEARCH_PATHS = (
					"$(inherited)",
					"@executable_path/Frameworks",
				);
				MARKETING_VERSION = 1.0;
				PRODUCT_BUNDLE_IDENTIFIER = com.zd.BookMagagementApp;
				PRODUCT_NAME = "$(TARGET_NAME)";
				SWIFT_EMIT_LOC_STRINGS = YES;
				SWIFT_VERSION = 5.0;
				TARGETED_DEVICE_FAMILY = "1,2";
			};
			name = Debug;
		};
		AF067F4E2BDE1663004D817B /* Release */ = {
			isa = XCBuildConfiguration;
			buildSettings = {
				ASSETCATALOG_COMPILER_APPICON_NAME = AppIcon;
				ASSETCATALOG_COMPILER_GLOBAL_ACCENT_COLOR_NAME = AccentColor;
				CODE_SIGN_STYLE = Automatic;
				CURRENT_PROJECT_VERSION = 1;
				DEVELOPMENT_ASSET_PATHS = "\"BookMagagementApp/Preview Content\"";
				ENABLE_PREVIEWS = YES;
				GENERATE_INFOPLIST_FILE = YES;
				INFOPLIST_KEY_UIApplicationSceneManifest_Generation = YES;
				INFOPLIST_KEY_UIApplicationSupportsIndirectInputEvents = YES;
				INFOPLIST_KEY_UILaunchScreen_Generation = YES;
				INFOPLIST_KEY_UISupportedInterfaceOrientations_iPad = "UIInterfaceOrientationPortrait UIInterfaceOrientationPortraitUpsideDown UIInterfaceOrientationLandscapeLeft UIInterfaceOrientationLandscapeRight";
				INFOPLIST_KEY_UISupportedInterfaceOrientations_iPhone = "UIInterfaceOrientationPortrait UIInterfaceOrientationLandscapeLeft UIInterfaceOrientationLandscapeRight";
				LD_RUNPATH_SEARCH_PATHS = (
					"$(inherited)",
					"@executable_path/Frameworks",
				);
				MARKETING_VERSION = 1.0;
				PRODUCT_BUNDLE_IDENTIFIER = com.zd.BookMagagementApp;
				PRODUCT_NAME = "$(TARGET_NAME)";
				SWIFT_EMIT_LOC_STRINGS = YES;
				SWIFT_VERSION = 5.0;
				TARGETED_DEVICE_FAMILY = "1,2";
			};
			name = Release;
		};
		AF067F502BDE1663004D817B /* Debug */ = {
			isa = XCBuildConfiguration;
			buildSettings = {
				ALWAYS_EMBED_SWIFT_STANDARD_LIBRARIES = YES;
				BUNDLE_LOADER = "$(TEST_HOST)";
				CODE_SIGN_STYLE = Automatic;
				CURRENT_PROJECT_VERSION = 1;
				GENERATE_INFOPLIST_FILE = YES;
				IPHONEOS_DEPLOYMENT_TARGET = 17.4;
				MARKETING_VERSION = 1.0;
				PRODUCT_BUNDLE_IDENTIFIER = com.zd.BookMagagementAppTests;
				PRODUCT_NAME = "$(TARGET_NAME)";
				SWIFT_EMIT_LOC_STRINGS = NO;
				SWIFT_VERSION = 5.0;
				TARGETED_DEVICE_FAMILY = "1,2";
				TEST_HOST = "$(BUILT_PRODUCTS_DIR)/BookMagagementApp.app/$(BUNDLE_EXECUTABLE_FOLDER_PATH)/BookMagagementApp";
			};
			name = Debug;
		};
		AF067F512BDE1663004D817B /* Release */ = {
			isa = XCBuildConfiguration;
			buildSettings = {
				ALWAYS_EMBED_SWIFT_STANDARD_LIBRARIES = YES;
				BUNDLE_LOADER = "$(TEST_HOST)";
				CODE_SIGN_STYLE = Automatic;
				CURRENT_PROJECT_VERSION = 1;
				GENERATE_INFOPLIST_FILE = YES;
				IPHONEOS_DEPLOYMENT_TARGET = 17.4;
				MARKETING_VERSION = 1.0;
				PRODUCT_BUNDLE_IDENTIFIER = com.zd.BookMagagementAppTests;
				PRODUCT_NAME = "$(TARGET_NAME)";
				SWIFT_EMIT_LOC_STRINGS = NO;
				SWIFT_VERSION = 5.0;
				TARGETED_DEVICE_FAMILY = "1,2";
				TEST_HOST = "$(BUILT_PRODUCTS_DIR)/BookMagagementApp.app/$(BUNDLE_EXECUTABLE_FOLDER_PATH)/BookMagagementApp";
			};
			name = Release;
		};
		AF067F532BDE1663004D817B /* Debug */ = {
			isa = XCBuildConfiguration;
			buildSettings = {
				ALWAYS_EMBED_SWIFT_STANDARD_LIBRARIES = YES;
				CODE_SIGN_STYLE = Automatic;
				CURRENT_PROJECT_VERSION = 1;
				GENERATE_INFOPLIST_FILE = YES;
				MARKETING_VERSION = 1.0;
				PRODUCT_BUNDLE_IDENTIFIER = com.zd.BookMagagementAppUITests;
				PRODUCT_NAME = "$(TARGET_NAME)";
				SWIFT_EMIT_LOC_STRINGS = NO;
				SWIFT_VERSION = 5.0;
				TARGETED_DEVICE_FAMILY = "1,2";
				TEST_TARGET_NAME = BookMagagementApp;
			};
			name = Debug;
		};
		AF067F542BDE1663004D817B /* Release */ = {
			isa = XCBuildConfiguration;
			buildSettings = {
				ALWAYS_EMBED_SWIFT_STANDARD_LIBRARIES = YES;
				CODE_SIGN_STYLE = Automatic;
				CURRENT_PROJECT_VERSION = 1;
				GENERATE_INFOPLIST_FILE = YES;
				MARKETING_VERSION = 1.0;
				PRODUCT_BUNDLE_IDENTIFIER = com.zd.BookMagagementAppUITests;
				PRODUCT_NAME = "$(TARGET_NAME)";
				SWIFT_EMIT_LOC_STRINGS = NO;
				SWIFT_VERSION = 5.0;
				TARGETED_DEVICE_FAMILY = "1,2";
				TEST_TARGET_NAME = BookMagagementApp;
			};
			name = Release;
		};
/* End XCBuildConfiguration section */

/* Begin XCConfigurationList section */
		AF067F232BDE165D004D817B /* Build configuration list for PBXProject "BookMagagementApp" */ = {
			isa = XCConfigurationList;
			buildConfigurations = (
				AF067F4A2BDE1663004D817B /* Debug */,
				AF067F4B2BDE1663004D817B /* Release */,
			);
			defaultConfigurationIsVisible = 0;
			defaultConfigurationName = Release;
		};
		AF067F4C2BDE1663004D817B /* Build configuration list for PBXNativeTarget "BookMagagementApp" */ = {
			isa = XCConfigurationList;
			buildConfigurations = (
				AF067F4D2BDE1663004D817B /* Debug */,
				AF067F4E2BDE1663004D817B /* Release */,
			);
			defaultConfigurationIsVisible = 0;
			defaultConfigurationName = Release;
		};
		AF067F4F2BDE1663004D817B /* Build configuration list for PBXNativeTarget "BookMagagementAppTests" */ = {
			isa = XCConfigurationList;
			buildConfigurations = (
				AF067F502BDE1663004D817B /* Debug */,
				AF067F512BDE1663004D817B /* Release */,
			);
			defaultConfigurationIsVisible = 0;
			defaultConfigurationName = Release;
		};
		AF067F522BDE1663004D817B /* Build configuration list for PBXNativeTarget "BookMagagementAppUITests" */ = {
			isa = XCConfigurationList;
			buildConfigurations = (
				AF067F532BDE1663004D817B /* Debug */,
				AF067F542BDE1663004D817B /* Release */,
			);
			defaultConfigurationIsVisible = 0;
			defaultConfigurationName = Release;
		};
/* End XCConfigurationList section */
	};
	rootObject = AF067F202BDE165D004D817B /* Project object */;
}
